
Microsoft Visual Studio Solution File, Format Version 12.00
# Visual Studio Version 16
VisualStudioVersion = 16.0.29306.81
MinimumVisualStudioVersion = 10.0.40219.1
Project("{FAE04EC0-301F-11D3-BF4B-00C04F79EFBC}") = "Squirrel.Windows", "Squirrel.Windows\Squirrel.Windows.csproj", "{14BBEB90-B54F-42C2-9844-D49169085A71}"
EndProject
Global
	GlobalSection(SolutionConfigurationPlatforms) = preSolution
		Debug|Any CPU = Debug|Any CPU
		Release|Any CPU = Release|Any CPU
	EndGlobalSection
	GlobalSection(ProjectConfigurationPlatforms) = postSolution
		{14BBEB90-B54F-42C2-9844-D49169085A71}.Debug|Any CPU.ActiveCfg = Debug|Any CPU
		{14BBEB90-B54F-42C2-9844-D49169085A71}.Debug|Any CPU.Build.0 = Debug|Any CPU
		{14BBEB90-B54F-42C2-9844-D49169085A71}.Release|Any CPU.ActiveCfg = Release|Any CPU
		{14BBEB90-B54F-42C2-9844-D49169085A71}.Release|Any CPU.Build.0 = Release|Any CPU
	EndGlobalSection
	GlobalSection(SolutionProperties) = preSolution
		HideSolutionNode = FALSE
	EndGlobalSection
	GlobalSection(ExtensibilityGlobals) = postSolution
		SolutionGuid = {A24E1AF8-D275-4B24-924D-292D6566BD82}
	EndGlobalSection
EndGlobal
